
Microsoft Visual Studio Solution File, Format Version 12.00
# Visual Studio Version 17
VisualStudioVersion = 17.11.35327.3
MinimumVisualStudioVersion = 10.0.40219.1
Project("{FAE04EC0-301F-11D3-BF4B-00C04F79EFBC}") = "PEG272 PEOJECT 2024", "PEG272 PEOJECT 2024.csproj", "{7CF13C43-8316-4BD2-90D0-42FBAE89E103}"
EndProject
Global
	GlobalSection(SolutionConfigurationPlatforms) = preSolution
		Debug|Any CPU = Debug|Any CPU
		Release|Any CPU = Release|Any CPU
	EndGlobalSection
	GlobalSection(ProjectConfigurationPlatforms) = postSolution
		{7CF13C43-8316-4BD2-90D0-42FBAE89E103}.Debug|Any CPU.ActiveCfg = Debug|Any CPU
		{7CF13C43-8316-4BD2-90D0-42FBAE89E103}.Debug|Any CPU.Build.0 = Debug|Any CPU
		{7CF13C43-8316-4BD2-90D0-42FBAE89E103}.Release|Any CPU.ActiveCfg = Release|Any CPU
		{7CF13C43-8316-4BD2-90D0-42FBAE89E103}.Release|Any CPU.Build.0 = Release|Any CPU
	EndGlobalSection
	GlobalSection(SolutionProperties) = preSolution
		HideSolutionNode = FALSE
	EndGlobalSection
	GlobalSection(ExtensibilityGlobals) = postSolution
		SolutionGuid = {BB8FDB19-1560-4DBD-97D7-34AF77A2769A}
	EndGlobalSection
EndGlobal
